
Microsoft Visual Studio Solution File, Format Version 12.00
# Visual Studio Version 17
VisualStudioVersion = 17.0.31903.59
MinimumVisualStudioVersion = 10.0.40219.1
Project("{2150E333-8FDC-42A3-9474-1A3956D46DE8}") = "src", "src", "{A9B0ADC2-215B-4620-A678-C6F43C1578BD}"
EndProject
Project("{F2A71F9B-5D33-465A-A702-920D77279786}") = "timecard", "src\timecard\timecard.fsproj", "{863E0969-3364-4D79-82C5-0D34D67920EF}"
EndProject
Global
	GlobalSection(SolutionConfigurationPlatforms) = preSolution
		Debug|Any CPU = Debug|Any CPU
		Release|Any CPU = Release|Any CPU
	EndGlobalSection
	GlobalSection(SolutionProperties) = preSolution
		HideSolutionNode = FALSE
	EndGlobalSection
	GlobalSection(ProjectConfigurationPlatforms) = postSolution
		{863E0969-3364-4D79-82C5-0D34D67920EF}.Debug|Any CPU.ActiveCfg = Debug|Any CPU
		{863E0969-3364-4D79-82C5-0D34D67920EF}.Debug|Any CPU.Build.0 = Debug|Any CPU
		{863E0969-3364-4D79-82C5-0D34D67920EF}.Release|Any CPU.ActiveCfg = Release|Any CPU
		{863E0969-3364-4D79-82C5-0D34D67920EF}.Release|Any CPU.Build.0 = Release|Any CPU
	EndGlobalSection
	GlobalSection(NestedProjects) = preSolution
		{863E0969-3364-4D79-82C5-0D34D67920EF} = {A9B0ADC2-215B-4620-A678-C6F43C1578BD}
	EndGlobalSection
EndGlobal
